
Microsoft Visual Studio Solution File, Format Version 12.00
# Visual Studio Version 17
VisualStudioVersion = 17.8.34330.188
MinimumVisualStudioVersion = 10.0.40219.1
Project("{FAE04EC0-301F-11D3-BF4B-00C04F79EFBC}") = "WebApi.API", "WebApi.API\WebApi.API.csproj", "{228251E7-52EE-4C8B-8CFC-344C08C3EBD1}"
EndProject
Global
	GlobalSection(SolutionConfigurationPlatforms) = preSolution
		Debug|Any CPU = Debug|Any CPU
		Release|Any CPU = Release|Any CPU
	EndGlobalSection
	GlobalSection(ProjectConfigurationPlatforms) = postSolution
		{228251E7-52EE-4C8B-8CFC-344C08C3EBD1}.Debug|Any CPU.ActiveCfg = Debug|Any CPU
		{228251E7-52EE-4C8B-8CFC-344C08C3EBD1}.Debug|Any CPU.Build.0 = Debug|Any CPU
		{228251E7-52EE-4C8B-8CFC-344C08C3EBD1}.Release|Any CPU.ActiveCfg = Release|Any CPU
		{228251E7-52EE-4C8B-8CFC-344C08C3EBD1}.Release|Any CPU.Build.0 = Release|Any CPU
	EndGlobalSection
	GlobalSection(SolutionProperties) = preSolution
		HideSolutionNode = FALSE
	EndGlobalSection
	GlobalSection(ExtensibilityGlobals) = postSolution
		SolutionGuid = {8E7C5036-936F-4AA1-885B-C5F30E451043}
	EndGlobalSection
EndGlobal
